<?xml version="1.0" encoding="utf-8"?>
<Project ToolsVersion="4.0" xmlns="http://schemas.microsoft.com/developer/msbuild/2003">
  <ItemGroup>
    <Filter Include="DXUT">
      <UniqueIdentifier>{6d0adb44-6750-46c7-a16c-44bcf38a94ea}</UniqueIdentifier>
    </Filter>
    <Filter Include="Resource Files">
      <UniqueIdentifier>{b202cbd2-a10a-4c80-9483-49f9804362ff}</UniqueIdentifier>
      <Extensions>rc;ico;cur;bmp;dlg;rc2;rct;bin;rgs;gif;jpg;jpeg;jpe</Extensions>
    </Filter>
    <Filter Include="Live2D">
      <UniqueIdentifier>{e550cdf2-e765-4a1b-a308-4f287b5f05dd}</UniqueIdentifier>
    </Filter>
  </ItemGroup>
  <ItemGroup>
    <Image Include="DXUT\Optional\directx.ico">
      <Filter>DXUT</Filter>
    </Image>
  </ItemGroup>
  <ItemGroup>
    <Manifest Include="DXUT\Core\dpiaware.manifest">
      <Filter>Resource Files</Filter>
    </Manifest>
  </ItemGroup>
  <ItemGroup>
    <ResourceCompile Include="live2d_lib_directX.rc">
      <Filter>Resource Files</Filter>
    </ResourceCompile>
  </ItemGroup>
  <ItemGroup>
    <ClInclude Include="resource.h">
      <Filter>Resource Files</Filter>
    </ClInclude>
    <ClInclude Include="..\..\include_utf8\base\private\AffineEnt.h">
      <Filter>Live2D</Filter>
    </ClInclude>
    <ClInclude Include="..\..\include_utf8\ALive2DModel.h">
      <Filter>Live2D</Filter>
    </ClInclude>
    <ClInclude Include="..\..\include_utf8\memory\AMemoryHolder.h">
      <Filter>Live2D</Filter>
    </ClInclude>
    <ClInclude Include="..\..\include_utf8\motion\AMotion.h">
      <Filter>Live2D</Filter>
    </ClInclude>
    <ClInclude Include="..\..\include_utf8\memory\APageHeader.h">
      <Filter>Live2D</Filter>
    </ClInclude>
    <ClInclude Include="..\..\include_utf8\io\data\Arrays2D.h">
      <Filter>Live2D</Filter>
    </ClInclude>
    <ClInclude Include="..\..\include_utf8\avatar\AvatarPartsItem.h">
      <Filter>Live2D</Filter>
    </ClInclude>
    <ClInclude Include="..\..\include_utf8\id\BaseDataID.h">
      <Filter>Live2D</Filter>
    </ClInclude>
    <ClInclude Include="..\..\include_utf8\base\BDAffine.h">
      <Filter>Live2D</Filter>
    </ClInclude>
    <ClInclude Include="..\..\include_utf8\base\BDBoxGrid.h">
      <Filter>Live2D</Filter>
    </ClInclude>
    <ClInclude Include="..\..\include_utf8\io\BReader.h">
      <Filter>Live2D</Filter>
    </ClInclude>
    <ClInclude Include="..\..\include_utf8\io\ByteBuffer.h">
      <Filter>Live2D</Filter>
    </ClInclude>
    <ClInclude Include="..\..\include_utf8\draw\DDTexture.h">
      <Filter>Live2D</Filter>
    </ClInclude>
    <ClInclude Include="..\..\include_utf8\DEF.h">
      <Filter>Live2D</Filter>
    </ClInclude>
    <ClInclude Include="..\..\include_utf8\id\DrawDataID.h">
      <Filter>Live2D</Filter>
    </ClInclude>
    <ClInclude Include="..\..\include_utf8\graphics\DrawParam.h">
      <Filter>Live2D</Filter>
    </ClInclude>
    <ClInclude Include="..\..\include_utf8\graphics\DrawParam_D3D11.h">
      <Filter>Live2D</Filter>
    </ClInclude>
    <ClInclude Include="..\..\include_utf8\motion\EyeBlinkMotion.h">
      <Filter>Live2D</Filter>
    </ClInclude>
    <ClInclude Include="..\..\include_utf8\io\FileFormat2.h">
      <Filter>Live2D</Filter>
    </ClInclude>
    <ClInclude Include="..\..\include_utf8\base\IBaseContext.h">
      <Filter>Live2D</Filter>
    </ClInclude>
    <ClInclude Include="..\..\include_utf8\base\IBaseData.h">
      <Filter>Live2D</Filter>
    </ClInclude>
    <ClInclude Include="..\..\include_utf8\id\ID.h">
      <Filter>Live2D</Filter>
    </ClInclude>
    <ClInclude Include="..\..\include_utf8\draw\IDrawContext.h">
      <Filter>Live2D</Filter>
    </ClInclude>
    <ClInclude Include="..\..\include_utf8\draw\IDrawData.h">
      <Filter>Live2D</Filter>
    </ClInclude>
    <ClInclude Include="..\..\include_utf8\io\ISerializableV2.h">
      <Filter>Live2D</Filter>
    </ClInclude>
    <ClInclude Include="..\..\include_utf8\util\Json.h">
      <Filter>Live2D</Filter>
    </ClInclude>
    <ClInclude Include="..\..\include_utf8\type\LDAffineTransform.h">
      <Filter>Live2D</Filter>
    </ClInclude>
    <ClInclude Include="..\..\include_utf8\memory\LDAllocator.h">
      <Filter>Live2D</Filter>
    </ClInclude>
    <ClInclude Include="..\..\include_utf8\type\LDColor.h">
      <Filter>Live2D</Filter>
    </ClInclude>
    <ClInclude Include="..\..\include_utf8\type\LDMap.h">
      <Filter>Live2D</Filter>
    </ClInclude>
    <ClInclude Include="..\..\include_utf8\memory\LDObject.h">
      <Filter>Live2D</Filter>
    </ClInclude>
    <ClInclude Include="..\..\include_utf8\type\LDPoint.h">
      <Filter>Live2D</Filter>
    </ClInclude>
    <ClInclude Include="..\..\include_utf8\type\LDPointF.h">
      <Filter>Live2D</Filter>
    </ClInclude>
    <ClInclude Include="..\..\include_utf8\type\LDRect.h">
      <Filter>Live2D</Filter>
    </ClInclude>
    <ClInclude Include="..\..\include_utf8\type\LDRectF.h">
      <Filter>Live2D</Filter>
    </ClInclude>
    <ClInclude Include="..\..\include_utf8\type\LDString.h">
      <Filter>Live2D</Filter>
    </ClInclude>
    <ClInclude Include="..\..\include_utf8\memory\LDUnmanagedObject.h">
      <Filter>Live2D</Filter>
    </ClInclude>
    <ClInclude Include="..\..\include_utf8\type\LDVector.h">
      <Filter>Live2D</Filter>
    </ClInclude>
    <ClInclude Include="..\..\include_utf8\Live2D.h">
      <Filter>Live2D</Filter>
    </ClInclude>
    <ClInclude Include="..\..\include_utf8\Live2DModelD3D.h">
      <Filter>Live2D</Filter>
    </ClInclude>
    <ClInclude Include="..\..\include_utf8\Live2DModelD3D11.h">
      <Filter>Live2D</Filter>
    </ClInclude>
    <ClInclude Include="..\..\include_utf8\motion\Live2DMotion.h">
      <Filter>Live2D</Filter>
    </ClInclude>
    <ClInclude Include="..\..\include_utf8\motion\Live2DMotionBin.h">
      <Filter>Live2D</Filter>
    </ClInclude>
    <ClInclude Include="..\..\include_utf8\memory\fixed\MemoryHolderFixed.h">
      <Filter>Live2D</Filter>
    </ClInclude>
    <ClInclude Include="..\..\include_utf8\memory\tmp\MemoryHolderTmp.h">
      <Filter>Live2D</Filter>
    </ClInclude>
    <ClInclude Include="..\..\include_utf8\memory\debug\MemoryInfo.h">
      <Filter>Live2D</Filter>
    </ClInclude>
    <ClInclude Include="..\..\include_utf8\memory\debug\MemoryInfoSet.h">
      <Filter>Live2D</Filter>
    </ClInclude>
    <ClInclude Include="..\..\include_utf8\memory\MemoryParam.h">
      <Filter>Live2D</Filter>
    </ClInclude>
    <ClInclude Include="..\..\include_utf8\memory\tmp\MHBin.h">
      <Filter>Live2D</Filter>
    </ClInclude>
    <ClInclude Include="..\..\include_utf8\memory\fixed\MHPageHeaderFixed.h">
      <Filter>Live2D</Filter>
    </ClInclude>
    <ClInclude Include="..\..\include_utf8\memory\tmp\MHPageHeaderTmp.h">
      <Filter>Live2D</Filter>
    </ClInclude>
    <ClInclude Include="..\..\include_utf8\ModelContext.h">
      <Filter>Live2D</Filter>
    </ClInclude>
    <ClInclude Include="..\..\include_utf8\model\ModelImpl.h">
      <Filter>Live2D</Filter>
    </ClInclude>
    <ClInclude Include="..\..\include_utf8\motion\MotionQueueEnt.h">
      <Filter>Live2D</Filter>
    </ClInclude>
    <ClInclude Include="..\..\include_utf8\motion\MotionQueueManager.h">
      <Filter>Live2D</Filter>
    </ClInclude>
    <ClInclude Include="..\..\include_utf8\param\ParamDefFloat.h">
      <Filter>Live2D</Filter>
    </ClInclude>
    <ClInclude Include="..\..\include_utf8\param\ParamDefSet.h">
      <Filter>Live2D</Filter>
    </ClInclude>
    <ClInclude Include="..\..\include_utf8\id\ParamID.h">
      <Filter>Live2D</Filter>
    </ClInclude>
    <ClInclude Include="..\..\include_utf8\param\ParamPivots.h">
      <Filter>Live2D</Filter>
    </ClInclude>
    <ClInclude Include="..\..\include_utf8\model\PartsData.h">
      <Filter>Live2D</Filter>
    </ClInclude>
    <ClInclude Include="..\..\include_utf8\id\PartsDataID.h">
      <Filter>Live2D</Filter>
    </ClInclude>
    <ClInclude Include="..\..\include_utf8\physics\PhysicsHair.h">
      <Filter>Live2D</Filter>
    </ClInclude>
    <ClInclude Include="..\..\include_utf8\physics\PhysicsParams.h">
      <Filter>Live2D</Filter>
    </ClInclude>
    <ClInclude Include="..\..\include_utf8\param\PivotManager.h">
      <Filter>Live2D</Filter>
    </ClInclude>
    <ClInclude Include="..\..\include_utf8\io\RefString.h">
      <Filter>Live2D</Filter>
    </ClInclude>
    <ClInclude Include="..\..\include_utf8\util\UtArray.h">
      <Filter>Live2D</Filter>
    </ClInclude>
    <ClInclude Include="..\..\include_utf8\util\UtDebug.h">
      <Filter>Live2D</Filter>
    </ClInclude>
    <ClInclude Include="..\..\include_utf8\util\UtFile.h">
      <Filter>Live2D</Filter>
    </ClInclude>
    <ClInclude Include="..\..\include_utf8\util\UtInterpolate.h">
      <Filter>Live2D</Filter>
    </ClInclude>
    <ClInclude Include="..\..\include_utf8\util\UtMath.h">
      <Filter>Live2D</Filter>
    </ClInclude>
    <ClInclude Include="..\..\include_utf8\memory\UtMemory.h">
      <Filter>Live2D</Filter>
    </ClInclude>
    <ClInclude Include="..\..\include_utf8\model\UtModel.h">
      <Filter>Live2D</Filter>
    </ClInclude>
    <ClInclude Include="..\..\include_utf8\util\UtMotion.h">
      <Filter>Live2D</Filter>
    </ClInclude>
    <ClInclude Include="..\..\include_utf8\graphics\UtOpenGLDebug.h">
      <Filter>Live2D</Filter>
    </ClInclude>
    <ClInclude Include="..\..\include_utf8\util\UtOS_iPhone.h">
      <Filter>Live2D</Filter>
    </ClInclude>
    <ClInclude Include="..\..\include_utf8\util\UtString.h">
      <Filter>Live2D</Filter>
    </ClInclude>
    <ClInclude Include="..\..\include_utf8\util\UtSystem.h">
      <Filter>Live2D</Filter>
    </ClInclude>
    <ClInclude Include="..\..\include_utf8\graphics\DrawParam_D3D.h">
      <Filter>Live2D</Filter>
    </ClInclude>
  </ItemGroup>
  <ItemGroup>
    <ClCompile Include="..\..\include_utf8\base\private\AffineEnt.cpp">
      <Filter>Live2D</Filter>
    </ClCompile>
    <ClCompile Include="..\..\include_utf8\ALive2DModel.cpp">
      <Filter>Live2D</Filter>
    </ClCompile>
    <ClCompile Include="..\..\include_utf8\memory\AMemoryHolder.cpp">
      <Filter>Live2D</Filter>
    </ClCompile>
    <ClCompile Include="..\..\include_utf8\motion\AMotion.cpp">
      <Filter>Live2D</Filter>
    </ClCompile>
    <ClCompile Include="..\..\include_utf8\memory\APageHeader.cpp">
      <Filter>Live2D</Filter>
    </ClCompile>
    <ClCompile Include="..\..\include_utf8\io\data\Arrays2D.cpp">
      <Filter>Live2D</Filter>
    </ClCompile>
    <ClCompile Include="..\..\include_utf8\avatar\AvatarPartsItem.cpp">
      <Filter>Live2D</Filter>
    </ClCompile>
    <ClCompile Include="..\..\include_utf8\id\BaseDataID.cpp">
      <Filter>Live2D</Filter>
    </ClCompile>
    <ClCompile Include="..\..\include_utf8\base\BDAffine.cpp">
      <Filter>Live2D</Filter>
    </ClCompile>
    <ClCompile Include="..\..\include_utf8\base\BDBoxGrid.cpp">
      <Filter>Live2D</Filter>
    </ClCompile>
    <ClCompile Include="..\..\include_utf8\io\BReader.cpp">
      <Filter>Live2D</Filter>
    </ClCompile>
    <ClCompile Include="..\..\include_utf8\io\ByteBuffer.cpp">
      <Filter>Live2D</Filter>
    </ClCompile>
    <ClCompile Include="..\..\include_utf8\draw\DDTexture.cpp">
      <Filter>Live2D</Filter>
    </ClCompile>
    <ClCompile Include="..\..\include_utf8\DEF.cpp">
      <Filter>Live2D</Filter>
    </ClCompile>
    <ClCompile Include="..\..\include_utf8\id\DrawDataID.cpp">
      <Filter>Live2D</Filter>
    </ClCompile>
    <ClCompile Include="..\..\include_utf8\graphics\DrawParam.cpp">
      <Filter>Live2D</Filter>
    </ClCompile>
    <ClCompile Include="..\..\include_utf8\graphics\DrawParam_D3D11.cpp">
      <Filter>Live2D</Filter>
    </ClCompile>
    <ClCompile Include="..\..\include_utf8\motion\EyeBlinkMotion.cpp">
      <Filter>Live2D</Filter>
    </ClCompile>
    <ClCompile Include="..\..\include_utf8\io\FileFormat2.cpp">
      <Filter>Live2D</Filter>
    </ClCompile>
    <ClCompile Include="..\..\include_utf8\base\IBaseContext.cpp">
      <Filter>Live2D</Filter>
    </ClCompile>
    <ClCompile Include="..\..\include_utf8\base\IBaseData.cpp">
      <Filter>Live2D</Filter>
    </ClCompile>
    <ClCompile Include="..\..\include_utf8\id\ID.cpp">
      <Filter>Live2D</Filter>
    </ClCompile>
    <ClCompile Include="..\..\include_utf8\draw\IDrawContext.cpp">
      <Filter>Live2D</Filter>
    </ClCompile>
    <ClCompile Include="..\..\include_utf8\draw\IDrawData.cpp">
      <Filter>Live2D</Filter>
    </ClCompile>
    <ClCompile Include="..\..\include_utf8\io\ISerializableV2.cpp">
      <Filter>Live2D</Filter>
    </ClCompile>
    <ClCompile Include="..\..\include_utf8\util\Json.cpp">
      <Filter>Live2D</Filter>
    </ClCompile>
    <ClCompile Include="..\..\include_utf8\type\LDAffineTransform.cpp">
      <Filter>Live2D</Filter>
    </ClCompile>
    <ClCompile Include="..\..\include_utf8\memory\LDAllocator.cpp">
      <Filter>Live2D</Filter>
    </ClCompile>
    <ClCompile Include="..\..\include_utf8\type\LDColor.cpp">
      <Filter>Live2D</Filter>
    </ClCompile>
    <ClCompile Include="..\..\include_utf8\memory\LDObject.cpp">
      <Filter>Live2D</Filter>
    </ClCompile>
    <ClCompile Include="..\..\include_utf8\type\LDPoint.cpp">
      <Filter>Live2D</Filter>
    </ClCompile>
    <ClCompile Include="..\..\include_utf8\type\LDPointF.cpp">
      <Filter>Live2D</Filter>
    </ClCompile>
    <ClCompile Include="..\..\include_utf8\type\LDRect.cpp">
      <Filter>Live2D</Filter>
    </ClCompile>
    <ClCompile Include="..\..\include_utf8\type\LDRectF.cpp">
      <Filter>Live2D</Filter>
    </ClCompile>
    <ClCompile Include="..\..\include_utf8\type\LDString.cpp">
      <Filter>Live2D</Filter>
    </ClCompile>
    <ClCompile Include="..\..\include_utf8\memory\LDUnmanagedObject.cpp">
      <Filter>Live2D</Filter>
    </ClCompile>
    <ClCompile Include="..\..\include_utf8\Live2D.cpp">
      <Filter>Live2D</Filter>
    </ClCompile>
    <ClCompile Include="live2d_lib_directX.cpp">
      <Filter>Live2D</Filter>
    </ClCompile>
    <ClCompile Include="..\..\include_utf8\Live2DModelD3D.cpp">
      <Filter>Live2D</Filter>
    </ClCompile>
    <ClCompile Include="..\..\include_utf8\Live2DModelD3D11.cpp">
      <Filter>Live2D</Filter>
    </ClCompile>
    <ClCompile Include="..\..\include_utf8\motion\Live2DMotion.cpp">
      <Filter>Live2D</Filter>
    </ClCompile>
    <ClCompile Include="..\..\include_utf8\motion\Live2DMotionBin.cpp">
      <Filter>Live2D</Filter>
    </ClCompile>
    <ClCompile Include="..\..\include_utf8\memory\fixed\MemoryHolderFixed.cpp">
      <Filter>Live2D</Filter>
    </ClCompile>
    <ClCompile Include="..\..\include_utf8\memory\tmp\MemoryHolderTmp.cpp">
      <Filter>Live2D</Filter>
    </ClCompile>
    <ClCompile Include="..\..\include_utf8\memory\debug\MemoryInfo.cpp">
      <Filter>Live2D</Filter>
    </ClCompile>
    <ClCompile Include="..\..\include_utf8\memory\debug\MemoryInfoSet.cpp">
      <Filter>Live2D</Filter>
    </ClCompile>
    <ClCompile Include="..\..\include_utf8\memory\MemoryParam.cpp">
      <Filter>Live2D</Filter>
    </ClCompile>
    <ClCompile Include="..\..\include_utf8\memory\tmp\MHBin.cpp">
      <Filter>Live2D</Filter>
    </ClCompile>
    <ClCompile Include="..\..\include_utf8\memory\fixed\MHPageHeaderFixed.cpp">
      <Filter>Live2D</Filter>
    </ClCompile>
    <ClCompile Include="..\..\include_utf8\memory\tmp\MHPageHeaderTmp.cpp">
      <Filter>Live2D</Filter>
    </ClCompile>
    <ClCompile Include="..\..\include_utf8\ModelContext.cpp">
      <Filter>Live2D</Filter>
    </ClCompile>
    <ClCompile Include="..\..\include_utf8\model\ModelImpl.cpp">
      <Filter>Live2D</Filter>
    </ClCompile>
    <ClCompile Include="..\..\include_utf8\motion\MotionQueueEnt.cpp">
      <Filter>Live2D</Filter>
    </ClCompile>
    <ClCompile Include="..\..\include_utf8\motion\MotionQueueManager.cpp">
      <Filter>Live2D</Filter>
    </ClCompile>
    <ClCompile Include="..\..\include_utf8\param\ParamDefFloat.cpp">
      <Filter>Live2D</Filter>
    </ClCompile>
    <ClCompile Include="..\..\include_utf8\param\ParamDefSet.cpp">
      <Filter>Live2D</Filter>
    </ClCompile>
    <ClCompile Include="..\..\include_utf8\id\ParamID.cpp">
      <Filter>Live2D</Filter>
    </ClCompile>
    <ClCompile Include="..\..\include_utf8\param\ParamPivots.cpp">
      <Filter>Live2D</Filter>
    </ClCompile>
    <ClCompile Include="..\..\include_utf8\model\PartsData.cpp">
      <Filter>Live2D</Filter>
    </ClCompile>
    <ClCompile Include="..\..\include_utf8\id\PartsDataID.cpp">
      <Filter>Live2D</Filter>
    </ClCompile>
    <ClCompile Include="..\..\include_utf8\physics\PhysicsHair.cpp">
      <Filter>Live2D</Filter>
    </ClCompile>
    <ClCompile Include="..\..\include_utf8\physics\PhysicsParams.cpp">
      <Filter>Live2D</Filter>
    </ClCompile>
    <ClCompile Include="..\..\include_utf8\param\PivotManager.cpp">
      <Filter>Live2D</Filter>
    </ClCompile>
    <ClCompile Include="..\..\include_utf8\io\RefString.cpp">
      <Filter>Live2D</Filter>
    </ClCompile>
    <ClCompile Include="..\..\include_utf8\util\UtArray.cpp">
      <Filter>Live2D</Filter>
    </ClCompile>
    <ClCompile Include="..\..\include_utf8\util\UtDebug.cpp">
      <Filter>Live2D</Filter>
    </ClCompile>
    <ClCompile Include="..\..\include_utf8\util\UtFile.cpp">
      <Filter>Live2D</Filter>
    </ClCompile>
    <ClCompile Include="..\..\include_utf8\util\UtInterpolate.cpp">
      <Filter>Live2D</Filter>
    </ClCompile>
    <ClCompile Include="..\..\include_utf8\util\UtMath.cpp">
      <Filter>Live2D</Filter>
    </ClCompile>
    <ClCompile Include="..\..\include_utf8\memory\UtMemory.cpp">
      <Filter>Live2D</Filter>
    </ClCompile>
    <ClCompile Include="..\..\include_utf8\model\UtModel.cpp">
      <Filter>Live2D</Filter>
    </ClCompile>
    <ClCompile Include="..\..\include_utf8\util\UtMotion.cpp">
      <Filter>Live2D</Filter>
    </ClCompile>
    <ClCompile Include="..\..\include_utf8\graphics\UtOpenGLDebug.cpp">
      <Filter>Live2D</Filter>
    </ClCompile>
    <ClCompile Include="..\..\include_utf8\util\UtString.cpp">
      <Filter>Live2D</Filter>
    </ClCompile>
    <ClCompile Include="..\..\include_utf8\util\UtSystem.cpp">
      <Filter>Live2D</Filter>
    </ClCompile>
    <ClCompile Include="..\..\include_utf8\graphics\DrawParam_D3D.cpp">
      <Filter>Live2D</Filter>
    </ClCompile>
  </ItemGroup>
</Project>